
Microsoft Visual Studio Solution File, Format Version 12.00
# Visual Studio 15
VisualStudioVersion = 15.0.27004.2006
MinimumVisualStudioVersion = 10.0.40219.1
Project("{FAE04EC0-301F-11D3-BF4B-00C04F79EFBC}") = "Phase_4", "Assignment10\Phase_4.csproj", "{4469A376-BD3F-4F5F-A3E2-D5D7360A5494}"
EndProject
Global
	GlobalSection(SolutionConfigurationPlatforms) = preSolution
		Debug|Any CPU = Debug|Any CPU
		Release|Any CPU = Release|Any CPU
	EndGlobalSection
	GlobalSection(ProjectConfigurationPlatforms) = postSolution
		{4469A376-BD3F-4F5F-A3E2-D5D7360A5494}.Debug|Any CPU.ActiveCfg = Debug|Any CPU
		{4469A376-BD3F-4F5F-A3E2-D5D7360A5494}.Debug|Any CPU.Build.0 = Debug|Any CPU
		{4469A376-BD3F-4F5F-A3E2-D5D7360A5494}.Release|Any CPU.ActiveCfg = Release|Any CPU
		{4469A376-BD3F-4F5F-A3E2-D5D7360A5494}.Release|Any CPU.Build.0 = Release|Any CPU
	EndGlobalSection
	GlobalSection(SolutionProperties) = preSolution
		HideSolutionNode = FALSE
	EndGlobalSection
	GlobalSection(ExtensibilityGlobals) = postSolution
		SolutionGuid = {1EF4CBD3-C10E-44B9-BE09-DBAECAC2E292}
	EndGlobalSection
EndGlobal
